// !$*UTF8*$!
{
	archiveVersion = 1;
	classes = {
	};
	objectVersion = 56;
	objects = {

/* Begin PBXBuildFile section */
		900DF7F22B5ED48500F42BA4 /* PokemonApi.swift in Sources */ = {isa = PBXBuildFile; fileRef = 900DF7F12B5ED48500F42BA4 /* PokemonApi.swift */; };
		900DF7F52B5ED55600F42BA4 /* JsonRequest.swift in Sources */ = {isa = PBXBuildFile; fileRef = 900DF7F42B5ED55600F42BA4 /* JsonRequest.swift */; };
		900DF7F72B5ED5C100F42BA4 /* BaseRequest.swift in Sources */ = {isa = PBXBuildFile; fileRef = 900DF7F62B5ED5C100F42BA4 /* BaseRequest.swift */; };
		900DF7F92B5ED65900F42BA4 /* Route.swift in Sources */ = {isa = PBXBuildFile; fileRef = 900DF7F82B5ED65900F42BA4 /* Route.swift */; };
		900DF7FB2B5ED97900F42BA4 /* BaseApi.swift in Sources */ = {isa = PBXBuildFile; fileRef = 900DF7FA2B5ED97900F42BA4 /* BaseApi.swift */; };
		900DF7FD2B5ED9A100F42BA4 /* CommsSession.swift in Sources */ = {isa = PBXBuildFile; fileRef = 900DF7FC2B5ED9A100F42BA4 /* CommsSession.swift */; };
		905C88B92B5ACFE500C61897 /* CombineUtils.swift in Sources */ = {isa = PBXBuildFile; fileRef = 905C88B82B5ACFE500C61897 /* CombineUtils.swift */; };
		905C88BB2B5AD99300C61897 /* AllPokemonUseCase.swift in Sources */ = {isa = PBXBuildFile; fileRef = 905C88BA2B5AD99300C61897 /* AllPokemonUseCase.swift */; };
		90BAADEF2B4409E500488D32 /* AppDelegate.swift in Sources */ = {isa = PBXBuildFile; fileRef = 90BAADEE2B4409E500488D32 /* AppDelegate.swift */; };
		90BAADF12B4409E500488D32 /* SceneDelegate.swift in Sources */ = {isa = PBXBuildFile; fileRef = 90BAADF02B4409E500488D32 /* SceneDelegate.swift */; };
		90BAADF32B4409E500488D32 /* PokemonListViewController.swift in Sources */ = {isa = PBXBuildFile; fileRef = 90BAADF22B4409E500488D32 /* PokemonListViewController.swift */; };
		90BAADF62B4409E500488D32 /* Main.storyboard in Resources */ = {isa = PBXBuildFile; fileRef = 90BAADF42B4409E500488D32 /* Main.storyboard */; };
		90BAADF82B4409E700488D32 /* Assets.xcassets in Resources */ = {isa = PBXBuildFile; fileRef = 90BAADF72B4409E700488D32 /* Assets.xcassets */; };
		90BAADFB2B4409E700488D32 /* LaunchScreen.storyboard in Resources */ = {isa = PBXBuildFile; fileRef = 90BAADF92B4409E700488D32 /* LaunchScreen.storyboard */; };
		90BAAE052B44232600488D32 /* ColorUtils.swift in Sources */ = {isa = PBXBuildFile; fileRef = 90BAAE042B44232600488D32 /* ColorUtils.swift */; };
		90BAAE072B44239600488D32 /* Theme.swift in Sources */ = {isa = PBXBuildFile; fileRef = 90BAAE062B44239600488D32 /* Theme.swift */; };
		90BAAE0A2B4440A600488D32 /* PokemonListViewModel.swift in Sources */ = {isa = PBXBuildFile; fileRef = 90BAAE092B4440A600488D32 /* PokemonListViewModel.swift */; };
		90BAAE0D2B44424000488D32 /* Pokemon.swift in Sources */ = {isa = PBXBuildFile; fileRef = 90BAAE0C2B44424000488D32 /* Pokemon.swift */; };
		90C4B33F2B66E9B5007D4834 /* Coordinator.swift in Sources */ = {isa = PBXBuildFile; fileRef = 90C4B33E2B66E9B5007D4834 /* Coordinator.swift */; };
		90C4B3412B66EA23007D4834 /* MainCoordinator.swift in Sources */ = {isa = PBXBuildFile; fileRef = 90C4B3402B66EA23007D4834 /* MainCoordinator.swift */; };
		90C4B3432B66EAB1007D4834 /* Storyboarded.swift in Sources */ = {isa = PBXBuildFile; fileRef = 90C4B3422B66EAB1007D4834 /* Storyboarded.swift */; };
		90C534B52B5EF32D005CCA30 /* Resolver in Frameworks */ = {isa = PBXBuildFile; productRef = 90C534B42B5EF32D005CCA30 /* Resolver */; };
		90C534B72B5EF32D005CCA30 /* Resolver-Dynamic in Frameworks */ = {isa = PBXBuildFile; productRef = 90C534B62B5EF32D005CCA30 /* Resolver-Dynamic */; };
		90C534B92B5EF32D005CCA30 /* Resolver-Static in Frameworks */ = {isa = PBXBuildFile; productRef = 90C534B82B5EF32D005CCA30 /* Resolver-Static */; };
		90C534BB2B5EF3BD005CCA30 /* AppDelegate+Injection.swift in Sources */ = {isa = PBXBuildFile; fileRef = 90C534BA2B5EF3BD005CCA30 /* AppDelegate+Injection.swift */; };
		90C534BD2B5EFA59005CCA30 /* JsonDecoder.swift in Sources */ = {isa = PBXBuildFile; fileRef = 90C534BC2B5EFA59005CCA30 /* JsonDecoder.swift */; };
/* End PBXBuildFile section */

/* Begin PBXFileReference section */
		900DF7F12B5ED48500F42BA4 /* PokemonApi.swift */ = {isa = PBXFileReference; lastKnownFileType = sourcecode.swift; path = PokemonApi.swift; sourceTree = "<group>"; };
		900DF7F42B5ED55600F42BA4 /* JsonRequest.swift */ = {isa = PBXFileReference; lastKnownFileType = sourcecode.swift; path = JsonRequest.swift; sourceTree = "<group>"; };
		900DF7F62B5ED5C100F42BA4 /* BaseRequest.swift */ = {isa = PBXFileReference; lastKnownFileType = sourcecode.swift; path = BaseRequest.swift; sourceTree = "<group>"; };
		900DF7F82B5ED65900F42BA4 /* Route.swift */ = {isa = PBXFileReference; lastKnownFileType = sourcecode.swift; path = Route.swift; sourceTree = "<group>"; };
		900DF7FA2B5ED97900F42BA4 /* BaseApi.swift */ = {isa = PBXFileReference; lastKnownFileType = sourcecode.swift; path = BaseApi.swift; sourceTree = "<group>"; };
		900DF7FC2B5ED9A100F42BA4 /* CommsSession.swift */ = {isa = PBXFileReference; lastKnownFileType = sourcecode.swift; path = CommsSession.swift; sourceTree = "<group>"; };
		905C88B82B5ACFE500C61897 /* CombineUtils.swift */ = {isa = PBXFileReference; lastKnownFileType = sourcecode.swift; path = CombineUtils.swift; sourceTree = "<group>"; };
		905C88BA2B5AD99300C61897 /* AllPokemonUseCase.swift */ = {isa = PBXFileReference; lastKnownFileType = sourcecode.swift; path = AllPokemonUseCase.swift; sourceTree = "<group>"; };
		90BAADEB2B4409E500488D32 /* pokedex.app */ = {isa = PBXFileReference; explicitFileType = wrapper.application; includeInIndex = 0; path = pokedex.app; sourceTree = BUILT_PRODUCTS_DIR; };
		90BAADEE2B4409E500488D32 /* AppDelegate.swift */ = {isa = PBXFileReference; lastKnownFileType = sourcecode.swift; path = AppDelegate.swift; sourceTree = "<group>"; };
		90BAADF02B4409E500488D32 /* SceneDelegate.swift */ = {isa = PBXFileReference; lastKnownFileType = sourcecode.swift; path = SceneDelegate.swift; sourceTree = "<group>"; };
		90BAADF22B4409E500488D32 /* PokemonListViewController.swift */ = {isa = PBXFileReference; lastKnownFileType = sourcecode.swift; path = PokemonListViewController.swift; sourceTree = "<group>"; };
		90BAADF52B4409E500488D32 /* Base */ = {isa = PBXFileReference; lastKnownFileType = file.storyboard; name = Base; path = Base.lproj/Main.storyboard; sourceTree = "<group>"; };
		90BAADF72B4409E700488D32 /* Assets.xcassets */ = {isa = PBXFileReference; lastKnownFileType = folder.assetcatalog; path = Assets.xcassets; sourceTree = "<group>"; };
		90BAADFA2B4409E700488D32 /* Base */ = {isa = PBXFileReference; lastKnownFileType = file.storyboard; name = Base; path = Base.lproj/LaunchScreen.storyboard; sourceTree = "<group>"; };
		90BAADFC2B4409E700488D32 /* Info.plist */ = {isa = PBXFileReference; lastKnownFileType = text.plist.xml; path = Info.plist; sourceTree = "<group>"; };
		90BAAE042B44232600488D32 /* ColorUtils.swift */ = {isa = PBXFileReference; lastKnownFileType = sourcecode.swift; path = ColorUtils.swift; sourceTree = "<group>"; };
		90BAAE062B44239600488D32 /* Theme.swift */ = {isa = PBXFileReference; lastKnownFileType = sourcecode.swift; path = Theme.swift; sourceTree = "<group>"; };
		90BAAE092B4440A600488D32 /* PokemonListViewModel.swift */ = {isa = PBXFileReference; lastKnownFileType = sourcecode.swift; path = PokemonListViewModel.swift; sourceTree = "<group>"; };
		90BAAE0C2B44424000488D32 /* Pokemon.swift */ = {isa = PBXFileReference; lastKnownFileType = sourcecode.swift; path = Pokemon.swift; sourceTree = "<group>"; };
		90C4B33E2B66E9B5007D4834 /* Coordinator.swift */ = {isa = PBXFileReference; lastKnownFileType = sourcecode.swift; path = Coordinator.swift; sourceTree = "<group>"; };
		90C4B3402B66EA23007D4834 /* MainCoordinator.swift */ = {isa = PBXFileReference; lastKnownFileType = sourcecode.swift; path = MainCoordinator.swift; sourceTree = "<group>"; };
		90C4B3422B66EAB1007D4834 /* Storyboarded.swift */ = {isa = PBXFileReference; lastKnownFileType = sourcecode.swift; path = Storyboarded.swift; sourceTree = "<group>"; };
		90C534BA2B5EF3BD005CCA30 /* AppDelegate+Injection.swift */ = {isa = PBXFileReference; lastKnownFileType = sourcecode.swift; path = "AppDelegate+Injection.swift"; sourceTree = "<group>"; };
		90C534BC2B5EFA59005CCA30 /* JsonDecoder.swift */ = {isa = PBXFileReference; lastKnownFileType = sourcecode.swift; path = JsonDecoder.swift; sourceTree = "<group>"; };
/* End PBXFileReference section */

/* Begin PBXFrameworksBuildPhase section */
		90BAADE82B4409E500488D32 /* Frameworks */ = {
			isa = PBXFrameworksBuildPhase;
			buildActionMask = 2147483647;
			files = (
				90C534B72B5EF32D005CCA30 /* Resolver-Dynamic in Frameworks */,
				90C534B92B5EF32D005CCA30 /* Resolver-Static in Frameworks */,
				90C534B52B5EF32D005CCA30 /* Resolver in Frameworks */,
			);
			runOnlyForDeploymentPostprocessing = 0;
		};
/* End PBXFrameworksBuildPhase section */

/* Begin PBXGroup section */
		900DF7EF2B5ED45500F42BA4 /* API */ = {
			isa = PBXGroup;
			children = (
				900DF7F12B5ED48500F42BA4 /* PokemonApi.swift */,
				900DF7FA2B5ED97900F42BA4 /* BaseApi.swift */,
			);
			path = API;
			sourceTree = "<group>";
		};
		900DF7F02B5ED46600F42BA4 /* Domain */ = {
			isa = PBXGroup;
			children = (
				905C88BA2B5AD99300C61897 /* AllPokemonUseCase.swift */,
			);
			path = Domain;
			sourceTree = "<group>";
		};
		900DF7F32B5ED53F00F42BA4 /* Comms */ = {
			isa = PBXGroup;
			children = (
				900DF7F42B5ED55600F42BA4 /* JsonRequest.swift */,
				900DF7F62B5ED5C100F42BA4 /* BaseRequest.swift */,
				900DF7F82B5ED65900F42BA4 /* Route.swift */,
				900DF7FC2B5ED9A100F42BA4 /* CommsSession.swift */,
				90C534BC2B5EFA59005CCA30 /* JsonDecoder.swift */,
			);
			path = Comms;
			sourceTree = "<group>";
		};
		90BAADE22B4409E500488D32 = {
			isa = PBXGroup;
			children = (
				90BAADED2B4409E500488D32 /* pokedex */,
				90BAADEC2B4409E500488D32 /* Products */,
			);
			sourceTree = "<group>";
		};
		90BAADEC2B4409E500488D32 /* Products */ = {
			isa = PBXGroup;
			children = (
				90BAADEB2B4409E500488D32 /* pokedex.app */,
			);
			name = Products;
			sourceTree = "<group>";
		};
		90BAADED2B4409E500488D32 /* pokedex */ = {
			isa = PBXGroup;
			children = (
				90BAAE0B2B44422C00488D32 /* Model */,
				90BAAE082B443F5C00488D32 /* Engine */,
				90BAAE032B44231100488D32 /* Utils */,
				90BAAE022B44219700488D32 /* Presentation */,
				90BAADEE2B4409E500488D32 /* AppDelegate.swift */,
				90BAADF02B4409E500488D32 /* SceneDelegate.swift */,
				90BAADF72B4409E700488D32 /* Assets.xcassets */,
				90BAADF92B4409E700488D32 /* LaunchScreen.storyboard */,
				90BAADFC2B4409E700488D32 /* Info.plist */,
				90C534BA2B5EF3BD005CCA30 /* AppDelegate+Injection.swift */,
			);
			path = pokedex;
			sourceTree = "<group>";
		};
		90BAAE022B44219700488D32 /* Presentation */ = {
			isa = PBXGroup;
			children = (
				90C4B33D2B66E99F007D4834 /* Navigation */,
				90BAAE0E2B4445C500488D32 /* Screens */,
				90BAADF42B4409E500488D32 /* Main.storyboard */,
				90BAAE062B44239600488D32 /* Theme.swift */,
			);
			path = Presentation;
			sourceTree = "<group>";
		};
		90BAAE032B44231100488D32 /* Utils */ = {
			isa = PBXGroup;
			children = (
				90BAAE042B44232600488D32 /* ColorUtils.swift */,
				905C88B82B5ACFE500C61897 /* CombineUtils.swift */,
			);
			path = Utils;
			sourceTree = "<group>";
		};
		90BAAE082B443F5C00488D32 /* Engine */ = {
			isa = PBXGroup;
			children = (
				900DF7F32B5ED53F00F42BA4 /* Comms */,
				900DF7F02B5ED46600F42BA4 /* Domain */,
				900DF7EF2B5ED45500F42BA4 /* API */,
			);
			path = Engine;
			sourceTree = "<group>";
		};
		90BAAE0B2B44422C00488D32 /* Model */ = {
			isa = PBXGroup;
			children = (
				90BAAE0C2B44424000488D32 /* Pokemon.swift */,
			);
			path = Model;
			sourceTree = "<group>";
		};
		90BAAE0E2B4445C500488D32 /* Screens */ = {
			isa = PBXGroup;
			children = (
				90BAAE0F2B4445CE00488D32 /* PokemonList */,
			);
			path = Screens;
			sourceTree = "<group>";
		};
		90BAAE0F2B4445CE00488D32 /* PokemonList */ = {
			isa = PBXGroup;
			children = (
				90BAAE092B4440A600488D32 /* PokemonListViewModel.swift */,
				90BAADF22B4409E500488D32 /* PokemonListViewController.swift */,
			);
			path = PokemonList;
			sourceTree = "<group>";
		};
		90C4B33D2B66E99F007D4834 /* Navigation */ = {
			isa = PBXGroup;
			children = (
				90C4B33E2B66E9B5007D4834 /* Coordinator.swift */,
				90C4B3402B66EA23007D4834 /* MainCoordinator.swift */,
				90C4B3422B66EAB1007D4834 /* Storyboarded.swift */,
			);
			path = Navigation;
			sourceTree = "<group>";
		};
/* End PBXGroup section */

/* Begin PBXNativeTarget section */
		90BAADEA2B4409E500488D32 /* pokedex */ = {
			isa = PBXNativeTarget;
			buildConfigurationList = 90BAADFF2B4409E700488D32 /* Build configuration list for PBXNativeTarget "pokedex" */;
			buildPhases = (
				90BAADE72B4409E500488D32 /* Sources */,
				90BAADE82B4409E500488D32 /* Frameworks */,
				90BAADE92B4409E500488D32 /* Resources */,
			);
			buildRules = (
			);
			dependencies = (
			);
			name = pokedex;
			packageProductDependencies = (
				90C534B42B5EF32D005CCA30 /* Resolver */,
				90C534B62B5EF32D005CCA30 /* Resolver-Dynamic */,
				90C534B82B5EF32D005CCA30 /* Resolver-Static */,
			);
			productName = pokedex;
			productReference = 90BAADEB2B4409E500488D32 /* pokedex.app */;
			productType = "com.apple.product-type.application";
		};
/* End PBXNativeTarget section */

/* Begin PBXProject section */
		90BAADE32B4409E500488D32 /* Project object */ = {
			isa = PBXProject;
			attributes = {
				BuildIndependentTargetsInParallel = 1;
				LastSwiftUpdateCheck = 1430;
				LastUpgradeCheck = 1430;
				TargetAttributes = {
					90BAADEA2B4409E500488D32 = {
						CreatedOnToolsVersion = 14.3.1;
					};
				};
			};
			buildConfigurationList = 90BAADE62B4409E500488D32 /* Build configuration list for PBXProject "pokedex" */;
			compatibilityVersion = "Xcode 14.0";
			developmentRegion = en;
			hasScannedForEncodings = 0;
			knownRegions = (
				en,
				Base,
			);
			mainGroup = 90BAADE22B4409E500488D32;
			packageReferences = (
				90C534B32B5EF32D005CCA30 /* XCRemoteSwiftPackageReference "Resolver" */,
			);
			productRefGroup = 90BAADEC2B4409E500488D32 /* Products */;
			projectDirPath = "";
			projectRoot = "";
			targets = (
				90BAADEA2B4409E500488D32 /* pokedex */,
			);
		};
/* End PBXProject section */

/* Begin PBXResourcesBuildPhase section */
		90BAADE92B4409E500488D32 /* Resources */ = {
			isa = PBXResourcesBuildPhase;
			buildActionMask = 2147483647;
			files = (
				90BAADFB2B4409E700488D32 /* LaunchScreen.storyboard in Resources */,
				90BAADF82B4409E700488D32 /* Assets.xcassets in Resources */,
				90BAADF62B4409E500488D32 /* Main.storyboard in Resources */,
			);
			runOnlyForDeploymentPostprocessing = 0;
		};
/* End PBXResourcesBuildPhase section */

/* Begin PBXSourcesBuildPhase section */
		90BAADE72B4409E500488D32 /* Sources */ = {
			isa = PBXSourcesBuildPhase;
			buildActionMask = 2147483647;
			files = (
				90C534BB2B5EF3BD005CCA30 /* AppDelegate+Injection.swift in Sources */,
				90BAAE0D2B44424000488D32 /* Pokemon.swift in Sources */,
				90C534BD2B5EFA59005CCA30 /* JsonDecoder.swift in Sources */,
				900DF7F52B5ED55600F42BA4 /* JsonRequest.swift in Sources */,
				900DF7FD2B5ED9A100F42BA4 /* CommsSession.swift in Sources */,
				90BAAE0A2B4440A600488D32 /* PokemonListViewModel.swift in Sources */,
				900DF7F22B5ED48500F42BA4 /* PokemonApi.swift in Sources */,
				90C4B3432B66EAB1007D4834 /* Storyboarded.swift in Sources */,
				900DF7F92B5ED65900F42BA4 /* Route.swift in Sources */,
				90C4B33F2B66E9B5007D4834 /* Coordinator.swift in Sources */,
				90BAADF32B4409E500488D32 /* PokemonListViewController.swift in Sources */,
				905C88B92B5ACFE500C61897 /* CombineUtils.swift in Sources */,
				900DF7FB2B5ED97900F42BA4 /* BaseApi.swift in Sources */,
				90BAADEF2B4409E500488D32 /* AppDelegate.swift in Sources */,
				905C88BB2B5AD99300C61897 /* AllPokemonUseCase.swift in Sources */,
				90C4B3412B66EA23007D4834 /* MainCoordinator.swift in Sources */,
				900DF7F72B5ED5C100F42BA4 /* BaseRequest.swift in Sources */,
				90BAAE072B44239600488D32 /* Theme.swift in Sources */,
				90BAADF12B4409E500488D32 /* SceneDelegate.swift in Sources */,
				90BAAE052B44232600488D32 /* ColorUtils.swift in Sources */,
			);
			runOnlyForDeploymentPostprocessing = 0;
		};
/* End PBXSourcesBuildPhase section */

/* Begin PBXVariantGroup section */
		90BAADF42B4409E500488D32 /* Main.storyboard */ = {
			isa = PBXVariantGroup;
			children = (
				90BAADF52B4409E500488D32 /* Base */,
			);
			name = Main.storyboard;
			sourceTree = "<group>";
		};
		90BAADF92B4409E700488D32 /* LaunchScreen.storyboard */ = {
			isa = PBXVariantGroup;
			children = (
				90BAADFA2B4409E700488D32 /* Base */,
			);
			name = LaunchScreen.storyboard;
			sourceTree = "<group>";
		};
/* End PBXVariantGroup section */

/* Begin XCBuildConfiguration section */
		90BAADFD2B4409E700488D32 /* Debug */ = {
			isa = XCBuildConfiguration;
			buildSettings = {
				ALWAYS_SEARCH_USER_PATHS = NO;
				CLANG_ANALYZER_NONNULL = YES;
				CLANG_ANALYZER_NUMBER_OBJECT_CONVERSION = YES_AGGRESSIVE;
				CLANG_CXX_LANGUAGE_STANDARD = "gnu++20";
				CLANG_ENABLE_MODULES = YES;
				CLANG_ENABLE_OBJC_ARC = YES;
				CLANG_ENABLE_OBJC_WEAK = YES;
				CLANG_WARN_BLOCK_CAPTURE_AUTORELEASING = YES;
				CLANG_WARN_BOOL_CONVERSION = YES;
				CLANG_WARN_COMMA = YES;
				CLANG_WARN_CONSTANT_CONVERSION = YES;
				CLANG_WARN_DEPRECATED_OBJC_IMPLEMENTATIONS = YES;
				CLANG_WARN_DIRECT_OBJC_ISA_USAGE = YES_ERROR;
				CLANG_WARN_DOCUMENTATION_COMMENTS = YES;
				CLANG_WARN_EMPTY_BODY = YES;
				CLANG_WARN_ENUM_CONVERSION = YES;
				CLANG_WARN_INFINITE_RECURSION = YES;
				CLANG_WARN_INT_CONVERSION = YES;
				CLANG_WARN_NON_LITERAL_NULL_CONVERSION = YES;
				CLANG_WARN_OBJC_IMPLICIT_RETAIN_SELF = YES;
				CLANG_WARN_OBJC_LITERAL_CONVERSION = YES;
				CLANG_WARN_OBJC_ROOT_CLASS = YES_ERROR;
				CLANG_WARN_QUOTED_INCLUDE_IN_FRAMEWORK_HEADER = YES;
				CLANG_WARN_RANGE_LOOP_ANALYSIS = YES;
				CLANG_WARN_STRICT_PROTOTYPES = YES;
				CLANG_WARN_SUSPICIOUS_MOVE = YES;
				CLANG_WARN_UNGUARDED_AVAILABILITY = YES_AGGRESSIVE;
				CLANG_WARN_UNREACHABLE_CODE = YES;
				CLANG_WARN__DUPLICATE_METHOD_MATCH = YES;
				COPY_PHASE_STRIP = NO;
				DEBUG_INFORMATION_FORMAT = dwarf;
				ENABLE_STRICT_OBJC_MSGSEND = YES;
				ENABLE_TESTABILITY = YES;
				GCC_C_LANGUAGE_STANDARD = gnu11;
				GCC_DYNAMIC_NO_PIC = NO;
				GCC_NO_COMMON_BLOCKS = YES;
				GCC_OPTIMIZATION_LEVEL = 0;
				GCC_PREPROCESSOR_DEFINITIONS = (
					"DEBUG=1",
					"$(inherited)",
				);
				GCC_WARN_64_TO_32_BIT_CONVERSION = YES;
				GCC_WARN_ABOUT_RETURN_TYPE = YES_ERROR;
				GCC_WARN_UNDECLARED_SELECTOR = YES;
				GCC_WARN_UNINITIALIZED_AUTOS = YES_AGGRESSIVE;
				GCC_WARN_UNUSED_FUNCTION = YES;
				GCC_WARN_UNUSED_VARIABLE = YES;
				IPHONEOS_DEPLOYMENT_TARGET = 16.4;
				MTL_ENABLE_DEBUG_INFO = INCLUDE_SOURCE;
				MTL_FAST_MATH = YES;
				ONLY_ACTIVE_ARCH = YES;
				SDKROOT = iphoneos;
				SWIFT_ACTIVE_COMPILATION_CONDITIONS = DEBUG;
				SWIFT_OPTIMIZATION_LEVEL = "-Onone";
			};
			name = Debug;
		};
		90BAADFE2B4409E700488D32 /* Release */ = {
			isa = XCBuildConfiguration;
			buildSettings = {
				ALWAYS_SEARCH_USER_PATHS = NO;
				CLANG_ANALYZER_NONNULL = YES;
				CLANG_ANALYZER_NUMBER_OBJECT_CONVERSION = YES_AGGRESSIVE;
				CLANG_CXX_LANGUAGE_STANDARD = "gnu++20";
				CLANG_ENABLE_MODULES = YES;
				CLANG_ENABLE_OBJC_ARC = YES;
				CLANG_ENABLE_OBJC_WEAK = YES;
				CLANG_WARN_BLOCK_CAPTURE_AUTORELEASING = YES;
				CLANG_WARN_BOOL_CONVERSION = YES;
				CLANG_WARN_COMMA = YES;
				CLANG_WARN_CONSTANT_CONVERSION = YES;
				CLANG_WARN_DEPRECATED_OBJC_IMPLEMENTATIONS = YES;
				CLANG_WARN_DIRECT_OBJC_ISA_USAGE = YES_ERROR;
				CLANG_WARN_DOCUMENTATION_COMMENTS = YES;
				CLANG_WARN_EMPTY_BODY = YES;
				CLANG_WARN_ENUM_CONVERSION = YES;
				CLANG_WARN_INFINITE_RECURSION = YES;
				CLANG_WARN_INT_CONVERSION = YES;
				CLANG_WARN_NON_LITERAL_NULL_CONVERSION = YES;
				CLANG_WARN_OBJC_IMPLICIT_RETAIN_SELF = YES;
				CLANG_WARN_OBJC_LITERAL_CONVERSION = YES;
				CLANG_WARN_OBJC_ROOT_CLASS = YES_ERROR;
				CLANG_WARN_QUOTED_INCLUDE_IN_FRAMEWORK_HEADER = YES;
				CLANG_WARN_RANGE_LOOP_ANALYSIS = YES;
				CLANG_WARN_STRICT_PROTOTYPES = YES;
				CLANG_WARN_SUSPICIOUS_MOVE = YES;
				CLANG_WARN_UNGUARDED_AVAILABILITY = YES_AGGRESSIVE;
				CLANG_WARN_UNREACHABLE_CODE = YES;
				CLANG_WARN__DUPLICATE_METHOD_MATCH = YES;
				COPY_PHASE_STRIP = NO;
				DEBUG_INFORMATION_FORMAT = "dwarf-with-dsym";
				ENABLE_NS_ASSERTIONS = NO;
				ENABLE_STRICT_OBJC_MSGSEND = YES;
				GCC_C_LANGUAGE_STANDARD = gnu11;
				GCC_NO_COMMON_BLOCKS = YES;
				GCC_WARN_64_TO_32_BIT_CONVERSION = YES;
				GCC_WARN_ABOUT_RETURN_TYPE = YES_ERROR;
				GCC_WARN_UNDECLARED_SELECTOR = YES;
				GCC_WARN_UNINITIALIZED_AUTOS = YES_AGGRESSIVE;
				GCC_WARN_UNUSED_FUNCTION = YES;
				GCC_WARN_UNUSED_VARIABLE = YES;
				IPHONEOS_DEPLOYMENT_TARGET = 16.4;
				MTL_ENABLE_DEBUG_INFO = NO;
				MTL_FAST_MATH = YES;
				SDKROOT = iphoneos;
				SWIFT_COMPILATION_MODE = wholemodule;
				SWIFT_OPTIMIZATION_LEVEL = "-O";
				VALIDATE_PRODUCT = YES;
			};
			name = Release;
		};
		90BAAE002B4409E700488D32 /* Debug */ = {
			isa = XCBuildConfiguration;
			buildSettings = {
				ASSETCATALOG_COMPILER_APPICON_NAME = AppIcon;
				ASSETCATALOG_COMPILER_GLOBAL_ACCENT_COLOR_NAME = AccentColor;
				CODE_SIGN_STYLE = Automatic;
				CURRENT_PROJECT_VERSION = 1;
				DEVELOPMENT_TEAM = 8W77Q3QG9N;
				GENERATE_INFOPLIST_FILE = YES;
				INFOPLIST_FILE = pokedex/Info.plist;
				INFOPLIST_KEY_UIApplicationSupportsIndirectInputEvents = YES;
				INFOPLIST_KEY_UILaunchStoryboardName = LaunchScreen;
				INFOPLIST_KEY_UIMainStoryboardFile = "";
				INFOPLIST_KEY_UISupportedInterfaceOrientations_iPad = "UIInterfaceOrientationPortrait UIInterfaceOrientationPortraitUpsideDown UIInterfaceOrientationLandscapeLeft UIInterfaceOrientationLandscapeRight";
				INFOPLIST_KEY_UISupportedInterfaceOrientations_iPhone = "UIInterfaceOrientationPortrait UIInterfaceOrientationLandscapeLeft UIInterfaceOrientationLandscapeRight";
				LD_RUNPATH_SEARCH_PATHS = (
					"$(inherited)",
					"@executable_path/Frameworks",
				);
				MARKETING_VERSION = 1.0;
				PRODUCT_BUNDLE_IDENTIFIER = com.leewapadmi.pokedex;
				PRODUCT_NAME = "$(TARGET_NAME)";
				SWIFT_EMIT_LOC_STRINGS = YES;
				SWIFT_VERSION = 5.0;
				TARGETED_DEVICE_FAMILY = "1,2";
			};
			name = Debug;
		};
		90BAAE012B4409E700488D32 /* Release */ = {
			isa = XCBuildConfiguration;
			buildSettings = {
				ASSETCATALOG_COMPILER_APPICON_NAME = AppIcon;
				ASSETCATALOG_COMPILER_GLOBAL_ACCENT_COLOR_NAME = AccentColor;
				CODE_SIGN_STYLE = Automatic;
				CURRENT_PROJECT_VERSION = 1;
				DEVELOPMENT_TEAM = 8W77Q3QG9N;
				GENERATE_INFOPLIST_FILE = YES;
				INFOPLIST_FILE = pokedex/Info.plist;
				INFOPLIST_KEY_UIApplicationSupportsIndirectInputEvents = YES;
				INFOPLIST_KEY_UILaunchStoryboardName = LaunchScreen;
				INFOPLIST_KEY_UIMainStoryboardFile = "";
				INFOPLIST_KEY_UISupportedInterfaceOrientations_iPad = "UIInterfaceOrientationPortrait UIInterfaceOrientationPortraitUpsideDown UIInterfaceOrientationLandscapeLeft UIInterfaceOrientationLandscapeRight";
				INFOPLIST_KEY_UISupportedInterfaceOrientations_iPhone = "UIInterfaceOrientationPortrait UIInterfaceOrientationLandscapeLeft UIInterfaceOrientationLandscapeRight";
				LD_RUNPATH_SEARCH_PATHS = (
					"$(inherited)",
					"@executable_path/Frameworks",
				);
				MARKETING_VERSION = 1.0;
				PRODUCT_BUNDLE_IDENTIFIER = com.leewapadmi.pokedex;
				PRODUCT_NAME = "$(TARGET_NAME)";
				SWIFT_EMIT_LOC_STRINGS = YES;
				SWIFT_VERSION = 5.0;
				TARGETED_DEVICE_FAMILY = "1,2";
			};
			name = Release;
		};
/* End XCBuildConfiguration section */

/* Begin XCConfigurationList section */
		90BAADE62B4409E500488D32 /* Build configuration list for PBXProject "pokedex" */ = {
			isa = XCConfigurationList;
			buildConfigurations = (
				90BAADFD2B4409E700488D32 /* Debug */,
				90BAADFE2B4409E700488D32 /* Release */,
			);
			defaultConfigurationIsVisible = 0;
			defaultConfigurationName = Release;
		};
		90BAADFF2B4409E700488D32 /* Build configuration list for PBXNativeTarget "pokedex" */ = {
			isa = XCConfigurationList;
			buildConfigurations = (
				90BAAE002B4409E700488D32 /* Debug */,
				90BAAE012B4409E700488D32 /* Release */,
			);
			defaultConfigurationIsVisible = 0;
			defaultConfigurationName = Release;
		};
/* End XCConfigurationList section */

/* Begin XCRemoteSwiftPackageReference section */
		90C534B32B5EF32D005CCA30 /* XCRemoteSwiftPackageReference "Resolver" */ = {
			isa = XCRemoteSwiftPackageReference;
			repositoryURL = "https://github.com/hmlongco/Resolver.git";
			requirement = {
				kind = upToNextMajorVersion;
				minimumVersion = 1.5.0;
			};
		};
/* End XCRemoteSwiftPackageReference section */

/* Begin XCSwiftPackageProductDependency section */
		90C534B42B5EF32D005CCA30 /* Resolver */ = {
			isa = XCSwiftPackageProductDependency;
			package = 90C534B32B5EF32D005CCA30 /* XCRemoteSwiftPackageReference "Resolver" */;
			productName = Resolver;
		};
		90C534B62B5EF32D005CCA30 /* Resolver-Dynamic */ = {
			isa = XCSwiftPackageProductDependency;
			package = 90C534B32B5EF32D005CCA30 /* XCRemoteSwiftPackageReference "Resolver" */;
			productName = "Resolver-Dynamic";
		};
		90C534B82B5EF32D005CCA30 /* Resolver-Static */ = {
			isa = XCSwiftPackageProductDependency;
			package = 90C534B32B5EF32D005CCA30 /* XCRemoteSwiftPackageReference "Resolver" */;
			productName = "Resolver-Static";
		};
/* End XCSwiftPackageProductDependency section */
	};
	rootObject = 90BAADE32B4409E500488D32 /* Project object */;
}
